
Microsoft Visual Studio Solution File, Format Version 12.00
# Visual Studio Version 16
VisualStudioVersion = 16.0.29728.190
MinimumVisualStudioVersion = 10.0.40219.1
Project("{9A19103F-16F7-4668-BE54-9A1E7A4F7556}") = "Gravity.Plugins.Actions", "Gravity.Plugins.Actions\Gravity.Plugins.Actions.csproj", "{0BB9FAA8-75FB-4D7C-A713-5557AA635793}"
EndProject
Project("{9A19103F-16F7-4668-BE54-9A1E7A4F7556}") = "Gravity.Plugins.Actions.UnitTests", "Gravity.Plugins.Actions.Tests\Gravity.Plugins.Actions.UnitTests.csproj", "{F2EE3CDA-B6B1-4EEF-B71C-B79D220B42F2}"
EndProject
Project("{9A19103F-16F7-4668-BE54-9A1E7A4F7556}") = "Gravity.Plugins", "Gravity.Plugins\Gravity.Plugins.csproj", "{638E4D5C-6DA6-4C42-B90C-87F866A1B11B}"
EndProject
Project("{2150E333-8FDC-42A3-9474-1A3956D46DE8}") = "Solution Items", "Solution Items", "{C97DCFD0-F3DA-4BCA-923B-8C8064D3B3E3}"
	ProjectSection(SolutionItems) = preProject
		..\..\..\azure_pipelines_csharp.yml = ..\..\..\azure_pipelines_csharp.yml
		..\..\..\azure_settings_mstest.runsettings = ..\..\..\azure_settings_mstest.runsettings
	EndProjectSection
EndProject
Project("{9A19103F-16F7-4668-BE54-9A1E7A4F7556}") = "Gravity.Plugins.Actions.IntegrationTests", "Gravity.Plugins.Actions.IntegrationTests\Gravity.Plugins.Actions.IntegrationTests.csproj", "{57CEBAB5-8581-40FA-8136-0B04FE59ECB3}"
EndProject
Project("{2150E333-8FDC-42A3-9474-1A3956D46DE8}") = "docs", "docs", "{42ED53CE-7BC5-4198-861B-49627DB98AFC}"
	ProjectSection(SolutionItems) = preProject
		..\..\..\docs\pages\assert.md = ..\..\..\docs\pages\assert.md
		..\..\..\docs\pages\assert_samples_no1.md = ..\..\..\docs\pages\assert_samples_no1.md
		..\..\..\docs\pages\assert_samples_no2.md = ..\..\..\docs\pages\assert_samples_no2.md
		..\..\..\docs\pages\assert_samples_no3.md = ..\..\..\docs\pages\assert_samples_no3.md
		..\..\..\docs\pages\click.md = ..\..\..\docs\pages\click.md
		..\..\..\docs\pages\close_all_child_windows.md = ..\..\..\docs\pages\close_all_child_windows.md
		..\..\..\docs\pages\close_browser.md = ..\..\..\docs\pages\close_browser.md
		..\..\..\docs\pages\close_window.md = ..\..\..\docs\pages\close_window.md
		..\..\..\docs\pages\condition.md = ..\..\..\docs\pages\condition.md
		..\..\..\docs\pages\condition_samples_no1.md = ..\..\..\docs\pages\condition_samples_no1.md
		..\..\..\docs\pages\condition_samples_no2.md = ..\..\..\docs\pages\condition_samples_no2.md
		..\..\..\docs\pages\condition_samples_no3.md = ..\..\..\docs\pages\condition_samples_no3.md
		..\..\..\docs\pages\context_click.md = ..\..\..\docs\pages\context_click.md
		..\..\..\docs\pages\double_click.md = ..\..\..\docs\pages\double_click.md
		..\..\..\docs\pages\elements_listener.md = ..\..\..\docs\pages\elements_listener.md
		..\..\..\docs\pages\execute_script.md = ..\..\..\docs\pages\execute_script.md
		..\..\..\docs\pages\extract_from_dom.md = ..\..\..\docs\pages\extract_from_dom.md
		..\..\..\docs\pages\extract_from_dom_samples_extractions.md = ..\..\..\docs\pages\extract_from_dom_samples_extractions.md
		..\..\..\docs\pages\extract_from_dom_samples_population.md = ..\..\..\docs\pages\extract_from_dom_samples_population.md
		..\..\..\docs\pages\extract_from_source.md = ..\..\..\docs\pages\extract_from_source.md
		..\..\..\docs\pages\extract_from_source_samples_extractions.md = ..\..\..\docs\pages\extract_from_source_samples_extractions.md
		..\..\..\docs\pages\extract_from_source_samples_population.md = ..\..\..\docs\pages\extract_from_source_samples_population.md
		..\..\..\docs\pages\get_screenshot.md = ..\..\..\docs\pages\get_screenshot.md
		..\..\..\docs\pages\go_to_url.md = ..\..\..\docs\pages\go_to_url.md
		..\..\..\docs\pages\hide_keyboard.md = ..\..\..\docs\pages\hide_keyboard.md
		..\..\..\docs\pages\home.md = ..\..\..\docs\pages\home.md
		..\..\..\docs\pages\keyboard.md = ..\..\..\docs\pages\keyboard.md
		..\..\..\docs\pages\move_to_element.md = ..\..\..\docs\pages\move_to_element.md
		..\..\..\docs\pages\navigate_back.md = ..\..\..\docs\pages\navigate_back.md
		..\..\..\docs\pages\navigate_forward.md = ..\..\..\docs\pages\navigate_forward.md
		..\..\..\docs\pages\refresh.md = ..\..\..\docs\pages\refresh.md
		..\..\..\docs\pages\register.md = ..\..\..\docs\pages\register.md
		..\..\..\docs\pages\register_parameter.md = ..\..\..\docs\pages\register_parameter.md
		..\..\..\docs\pages\repeat.md = ..\..\..\docs\pages\repeat.md
		..\..\..\docs\pages\scroll.md = ..\..\..\docs\pages\scroll.md
		..\..\..\docs\pages\select_from_combo_box.md = ..\..\..\docs\pages\select_from_combo_box.md
	EndProjectSection
EndProject
Global
	GlobalSection(SolutionConfigurationPlatforms) = preSolution
		Debug|Any CPU = Debug|Any CPU
		Release|Any CPU = Release|Any CPU
	EndGlobalSection
	GlobalSection(ProjectConfigurationPlatforms) = postSolution
		{0BB9FAA8-75FB-4D7C-A713-5557AA635793}.Debug|Any CPU.ActiveCfg = Debug|Any CPU
		{0BB9FAA8-75FB-4D7C-A713-5557AA635793}.Debug|Any CPU.Build.0 = Debug|Any CPU
		{0BB9FAA8-75FB-4D7C-A713-5557AA635793}.Release|Any CPU.ActiveCfg = Release|Any CPU
		{0BB9FAA8-75FB-4D7C-A713-5557AA635793}.Release|Any CPU.Build.0 = Release|Any CPU
		{F2EE3CDA-B6B1-4EEF-B71C-B79D220B42F2}.Debug|Any CPU.ActiveCfg = Debug|Any CPU
		{F2EE3CDA-B6B1-4EEF-B71C-B79D220B42F2}.Debug|Any CPU.Build.0 = Debug|Any CPU
		{F2EE3CDA-B6B1-4EEF-B71C-B79D220B42F2}.Release|Any CPU.ActiveCfg = Release|Any CPU
		{F2EE3CDA-B6B1-4EEF-B71C-B79D220B42F2}.Release|Any CPU.Build.0 = Release|Any CPU
		{638E4D5C-6DA6-4C42-B90C-87F866A1B11B}.Debug|Any CPU.ActiveCfg = Debug|Any CPU
		{638E4D5C-6DA6-4C42-B90C-87F866A1B11B}.Debug|Any CPU.Build.0 = Debug|Any CPU
		{638E4D5C-6DA6-4C42-B90C-87F866A1B11B}.Release|Any CPU.ActiveCfg = Release|Any CPU
		{638E4D5C-6DA6-4C42-B90C-87F866A1B11B}.Release|Any CPU.Build.0 = Release|Any CPU
		{57CEBAB5-8581-40FA-8136-0B04FE59ECB3}.Debug|Any CPU.ActiveCfg = Debug|Any CPU
		{57CEBAB5-8581-40FA-8136-0B04FE59ECB3}.Debug|Any CPU.Build.0 = Debug|Any CPU
		{57CEBAB5-8581-40FA-8136-0B04FE59ECB3}.Release|Any CPU.ActiveCfg = Release|Any CPU
		{57CEBAB5-8581-40FA-8136-0B04FE59ECB3}.Release|Any CPU.Build.0 = Release|Any CPU
	EndGlobalSection
	GlobalSection(SolutionProperties) = preSolution
		HideSolutionNode = FALSE
	EndGlobalSection
	GlobalSection(NestedProjects) = preSolution
		{42ED53CE-7BC5-4198-861B-49627DB98AFC} = {C97DCFD0-F3DA-4BCA-923B-8C8064D3B3E3}
	EndGlobalSection
	GlobalSection(ExtensibilityGlobals) = postSolution
		SolutionGuid = {EC3E67C2-FFCE-48EA-A9E0-3533B5E8C37B}
	EndGlobalSection
EndGlobal
