
Microsoft Visual Studio Solution File, Format Version 12.00
# Visual Studio Version 16
VisualStudioVersion = 16.0.29728.190
MinimumVisualStudioVersion = 10.0.40219.1
Project("{9A19103F-16F7-4668-BE54-9A1E7A4F7556}") = "Gravity.Plugins.Actions", "Gravity.Plugins.Actions\Gravity.Plugins.Actions.csproj", "{0BB9FAA8-75FB-4D7C-A713-5557AA635793}"
EndProject
Project("{9A19103F-16F7-4668-BE54-9A1E7A4F7556}") = "Gravity.Plugins.Actions.UnitTests", "Gravity.Plugins.Actions.Tests\Gravity.Plugins.Actions.UnitTests.csproj", "{F2EE3CDA-B6B1-4EEF-B71C-B79D220B42F2}"
EndProject
Project("{9A19103F-16F7-4668-BE54-9A1E7A4F7556}") = "Gravity.Plugins", "Gravity.Plugins\Gravity.Plugins.csproj", "{638E4D5C-6DA6-4C42-B90C-87F866A1B11B}"
EndProject
Project("{2150E333-8FDC-42A3-9474-1A3956D46DE8}") = "Solution Items", "Solution Items", "{C97DCFD0-F3DA-4BCA-923B-8C8064D3B3E3}"
	ProjectSection(SolutionItems) = preProject
		..\..\..\azure_pipelines_csharp.yml = ..\..\..\azure_pipelines_csharp.yml
		..\..\..\azure_settings_mstest.runsettings = ..\..\..\azure_settings_mstest.runsettings
	EndProjectSection
EndProject
Global
	GlobalSection(SolutionConfigurationPlatforms) = preSolution
		Debug|Any CPU = Debug|Any CPU
		Release|Any CPU = Release|Any CPU
	EndGlobalSection
	GlobalSection(ProjectConfigurationPlatforms) = postSolution
		{0BB9FAA8-75FB-4D7C-A713-5557AA635793}.Debug|Any CPU.ActiveCfg = Debug|Any CPU
		{0BB9FAA8-75FB-4D7C-A713-5557AA635793}.Debug|Any CPU.Build.0 = Debug|Any CPU
		{0BB9FAA8-75FB-4D7C-A713-5557AA635793}.Release|Any CPU.ActiveCfg = Release|Any CPU
		{0BB9FAA8-75FB-4D7C-A713-5557AA635793}.Release|Any CPU.Build.0 = Release|Any CPU
		{F2EE3CDA-B6B1-4EEF-B71C-B79D220B42F2}.Debug|Any CPU.ActiveCfg = Debug|Any CPU
		{F2EE3CDA-B6B1-4EEF-B71C-B79D220B42F2}.Debug|Any CPU.Build.0 = Debug|Any CPU
		{F2EE3CDA-B6B1-4EEF-B71C-B79D220B42F2}.Release|Any CPU.ActiveCfg = Release|Any CPU
		{F2EE3CDA-B6B1-4EEF-B71C-B79D220B42F2}.Release|Any CPU.Build.0 = Release|Any CPU
		{638E4D5C-6DA6-4C42-B90C-87F866A1B11B}.Debug|Any CPU.ActiveCfg = Debug|Any CPU
		{638E4D5C-6DA6-4C42-B90C-87F866A1B11B}.Debug|Any CPU.Build.0 = Debug|Any CPU
		{638E4D5C-6DA6-4C42-B90C-87F866A1B11B}.Release|Any CPU.ActiveCfg = Release|Any CPU
		{638E4D5C-6DA6-4C42-B90C-87F866A1B11B}.Release|Any CPU.Build.0 = Release|Any CPU
	EndGlobalSection
	GlobalSection(SolutionProperties) = preSolution
		HideSolutionNode = FALSE
	EndGlobalSection
	GlobalSection(ExtensibilityGlobals) = postSolution
		SolutionGuid = {EC3E67C2-FFCE-48EA-A9E0-3533B5E8C37B}
	EndGlobalSection
EndGlobal
