
Microsoft Visual Studio Solution File, Format Version 12.00
# Visual Studio Version 16
VisualStudioVersion = 16.0.29728.190
MinimumVisualStudioVersion = 10.0.40219.1
Project("{9A19103F-16F7-4668-BE54-9A1E7A4F7556}") = "Gravity.Plugins.Actions", "Gravity.Plugins.Actions\Gravity.Plugins.Actions.csproj", "{0BB9FAA8-75FB-4D7C-A713-5557AA635793}"
EndProject
Project("{9A19103F-16F7-4668-BE54-9A1E7A4F7556}") = "Gravity.Plugins.Actions.UnitTests", "Gravity.Plugins.Actions.Tests\Gravity.Plugins.Actions.UnitTests.csproj", "{F2EE3CDA-B6B1-4EEF-B71C-B79D220B42F2}"
EndProject
Project("{9A19103F-16F7-4668-BE54-9A1E7A4F7556}") = "Gravity.Plugins", "Gravity.Plugins\Gravity.Plugins.csproj", "{638E4D5C-6DA6-4C42-B90C-87F866A1B11B}"
EndProject
Project("{9A19103F-16F7-4668-BE54-9A1E7A4F7556}") = "Gravity.Plugins.Actions.IntegrationTests", "Gravity.Plugins.Actions.IntegrationTests\Gravity.Plugins.Actions.IntegrationTests.csproj", "{57CEBAB5-8581-40FA-8136-0B04FE59ECB3}"
EndProject
Project("{9A19103F-16F7-4668-BE54-9A1E7A4F7556}") = "Gravity.Plugins.Contracts", "Gravity.Plugins.Contracts\Gravity.Plugins.Contracts.csproj", "{E0EA54F0-D899-406E-88C8-E6CE07420B7B}"
EndProject
Project("{9A19103F-16F7-4668-BE54-9A1E7A4F7556}") = "Gravity.Plugins.Attributes", "Gravity.Plugins.Attributes\Gravity.Plugins.Attributes.csproj", "{F61B810E-8946-4624-A6BF-233164649E1B}"
EndProject
Project("{2150E333-8FDC-42A3-9474-1A3956D46DE8}") = "Build", "Build", "{13F77FB2-96B6-4FB8-8AF2-A4D2BF7EB6D5}"
	ProjectSection(SolutionItems) = preProject
		..\..\..\build\azure_gravity_api.yml = ..\..\..\build\azure_gravity_api.yml
		..\..\..\build\azure_gravity_template.yml = ..\..\..\build\azure_gravity_template.yml
	EndProjectSection
EndProject
Project("{2150E333-8FDC-42A3-9474-1A3956D46DE8}") = "Documentation", "Documentation", "{59FBDB11-9681-4016-9806-435FBB5CBA7D}"
	ProjectSection(SolutionItems) = preProject
		..\..\..\docs\pages\Assert.md = ..\..\..\docs\pages\Assert.md
		..\..\..\docs\pages\AssertSamplesNo1.md = ..\..\..\docs\pages\AssertSamplesNo1.md
		..\..\..\docs\pages\AssertSamplesNo2.md = ..\..\..\docs\pages\AssertSamplesNo2.md
		..\..\..\docs\pages\AssertSamplesNo3.md = ..\..\..\docs\pages\AssertSamplesNo3.md
		..\..\..\docs\pages\Click.md = ..\..\..\docs\pages\Click.md
		..\..\..\docs\pages\CloseAllChildWindows.md = ..\..\..\docs\pages\CloseAllChildWindows.md
		..\..\..\docs\pages\CloseBrowser.md = ..\..\..\docs\pages\CloseBrowser.md
		..\..\..\docs\pages\CloseWindow.md = ..\..\..\docs\pages\CloseWindow.md
		..\..\..\docs\pages\Condition.md = ..\..\..\docs\pages\Condition.md
		..\..\..\docs\pages\ConditionSamplesNo1.md = ..\..\..\docs\pages\ConditionSamplesNo1.md
		..\..\..\docs\pages\ConditionSamplesNo2.md = ..\..\..\docs\pages\ConditionSamplesNo2.md
		..\..\..\docs\pages\ConditionSamplesNo3.md = ..\..\..\docs\pages\ConditionSamplesNo3.md
		..\..\..\docs\pages\ContextClick.md = ..\..\..\docs\pages\ContextClick.md
		..\..\..\docs\pages\DoubleClick.md = ..\..\..\docs\pages\DoubleClick.md
		..\..\..\docs\pages\ElementsListener.md = ..\..\..\docs\pages\ElementsListener.md
		..\..\..\docs\pages\ExecuteScript.md = ..\..\..\docs\pages\ExecuteScript.md
		..\..\..\docs\pages\ExtractFromDom.md = ..\..\..\docs\pages\ExtractFromDom.md
		..\..\..\docs\pages\ExtractFromDomSamplesExtractions.md = ..\..\..\docs\pages\ExtractFromDomSamplesExtractions.md
		..\..\..\docs\pages\ExtractFromDomSamplesPopulation.md = ..\..\..\docs\pages\ExtractFromDomSamplesPopulation.md
		..\..\..\docs\pages\ExtractFromSource.md = ..\..\..\docs\pages\ExtractFromSource.md
		..\..\..\docs\pages\ExtractFromSourceSamplesExtractions.md = ..\..\..\docs\pages\ExtractFromSourceSamplesExtractions.md
		..\..\..\docs\pages\ExtractFromSourceSamplesPopulation.md = ..\..\..\docs\pages\ExtractFromSourceSamplesPopulation.md
		..\..\..\docs\pages\GetScreenshot.md = ..\..\..\docs\pages\GetScreenshot.md
		..\..\..\docs\pages\GoToUrl.md = ..\..\..\docs\pages\GoToUrl.md
		..\..\..\docs\pages\HideKeyboard.md = ..\..\..\docs\pages\HideKeyboard.md
		..\..\..\docs\pages\Home.md = ..\..\..\docs\pages\Home.md
		..\..\..\docs\pages\Keyboard.md = ..\..\..\docs\pages\Keyboard.md
		..\..\..\docs\pages\MoveToElement.md = ..\..\..\docs\pages\MoveToElement.md
		..\..\..\docs\pages\NavigateBack.md = ..\..\..\docs\pages\NavigateBack.md
		..\..\..\docs\pages\NavigateForward.md = ..\..\..\docs\pages\NavigateForward.md
		..\..\..\README.md = ..\..\..\README.md
		..\..\..\docs\pages\Refresh.md = ..\..\..\docs\pages\Refresh.md
		..\..\..\docs\pages\Register.md = ..\..\..\docs\pages\Register.md
		..\..\..\docs\pages\RegisterParameter.md = ..\..\..\docs\pages\RegisterParameter.md
		..\..\..\docs\pages\Repeat.md = ..\..\..\docs\pages\Repeat.md
		..\..\..\docs\pages\Scroll.md = ..\..\..\docs\pages\Scroll.md
		..\..\..\docs\pages\SelectFromComboBox.md = ..\..\..\docs\pages\SelectFromComboBox.md
		..\..\..\docs\pages\SendKeys.md = ..\..\..\docs\pages\SendKeys.md
		..\..\..\docs\pages\SubmitForm.md = ..\..\..\docs\pages\SubmitForm.md
		..\..\..\docs\pages\SwitchToAlert.md = ..\..\..\docs\pages\SwitchToAlert.md
		..\..\..\docs\pages\TrySendKeys.md = ..\..\..\docs\pages\TrySendKeys.md
		..\..\..\docs\pages\Wait.md = ..\..\..\docs\pages\Wait.md
		..\..\..\docs\pages\WaitForElement.md = ..\..\..\docs\pages\WaitForElement.md
	EndProjectSection
EndProject
Project("{2150E333-8FDC-42A3-9474-1A3956D46DE8}") = "Test", "Test", "{94B210CB-BF2C-4430-A109-FEC892B59131}"
	ProjectSection(SolutionItems) = preProject
		..\..\..\test\azure_settings_mstest.runsettings = ..\..\..\test\azure_settings_mstest.runsettings
	EndProjectSection
EndProject
Project("{9A19103F-16F7-4668-BE54-9A1E7A4F7556}") = "Gravity.Drivers.Mock", "..\..\..\..\gravity-mockdriver\src\csharp\Gravity.Drivers.Mock\Gravity.Drivers.Mock\Gravity.Drivers.Mock.csproj", "{046F81A8-8725-4F2A-967B-0D5A68DF0E42}"
EndProject
Project("{9A19103F-16F7-4668-BE54-9A1E7A4F7556}") = "Gravity.Extensions", "Gravity.Extensions\Gravity.Extensions.csproj", "{25425EBF-18C2-4256-9B1D-76EF77E68D56}"
EndProject
Global
	GlobalSection(SolutionConfigurationPlatforms) = preSolution
		Debug|Any CPU = Debug|Any CPU
		Release|Any CPU = Release|Any CPU
	EndGlobalSection
	GlobalSection(ProjectConfigurationPlatforms) = postSolution
		{0BB9FAA8-75FB-4D7C-A713-5557AA635793}.Debug|Any CPU.ActiveCfg = Debug|Any CPU
		{0BB9FAA8-75FB-4D7C-A713-5557AA635793}.Debug|Any CPU.Build.0 = Debug|Any CPU
		{0BB9FAA8-75FB-4D7C-A713-5557AA635793}.Release|Any CPU.ActiveCfg = Release|Any CPU
		{0BB9FAA8-75FB-4D7C-A713-5557AA635793}.Release|Any CPU.Build.0 = Release|Any CPU
		{F2EE3CDA-B6B1-4EEF-B71C-B79D220B42F2}.Debug|Any CPU.ActiveCfg = Debug|Any CPU
		{F2EE3CDA-B6B1-4EEF-B71C-B79D220B42F2}.Debug|Any CPU.Build.0 = Debug|Any CPU
		{F2EE3CDA-B6B1-4EEF-B71C-B79D220B42F2}.Release|Any CPU.ActiveCfg = Release|Any CPU
		{F2EE3CDA-B6B1-4EEF-B71C-B79D220B42F2}.Release|Any CPU.Build.0 = Release|Any CPU
		{638E4D5C-6DA6-4C42-B90C-87F866A1B11B}.Debug|Any CPU.ActiveCfg = Debug|Any CPU
		{638E4D5C-6DA6-4C42-B90C-87F866A1B11B}.Debug|Any CPU.Build.0 = Debug|Any CPU
		{638E4D5C-6DA6-4C42-B90C-87F866A1B11B}.Release|Any CPU.ActiveCfg = Release|Any CPU
		{638E4D5C-6DA6-4C42-B90C-87F866A1B11B}.Release|Any CPU.Build.0 = Release|Any CPU
		{57CEBAB5-8581-40FA-8136-0B04FE59ECB3}.Debug|Any CPU.ActiveCfg = Debug|Any CPU
		{57CEBAB5-8581-40FA-8136-0B04FE59ECB3}.Debug|Any CPU.Build.0 = Debug|Any CPU
		{57CEBAB5-8581-40FA-8136-0B04FE59ECB3}.Release|Any CPU.ActiveCfg = Release|Any CPU
		{57CEBAB5-8581-40FA-8136-0B04FE59ECB3}.Release|Any CPU.Build.0 = Release|Any CPU
		{E0EA54F0-D899-406E-88C8-E6CE07420B7B}.Debug|Any CPU.ActiveCfg = Debug|Any CPU
		{E0EA54F0-D899-406E-88C8-E6CE07420B7B}.Debug|Any CPU.Build.0 = Debug|Any CPU
		{E0EA54F0-D899-406E-88C8-E6CE07420B7B}.Release|Any CPU.ActiveCfg = Release|Any CPU
		{E0EA54F0-D899-406E-88C8-E6CE07420B7B}.Release|Any CPU.Build.0 = Release|Any CPU
		{F61B810E-8946-4624-A6BF-233164649E1B}.Debug|Any CPU.ActiveCfg = Debug|Any CPU
		{F61B810E-8946-4624-A6BF-233164649E1B}.Debug|Any CPU.Build.0 = Debug|Any CPU
		{F61B810E-8946-4624-A6BF-233164649E1B}.Release|Any CPU.ActiveCfg = Release|Any CPU
		{F61B810E-8946-4624-A6BF-233164649E1B}.Release|Any CPU.Build.0 = Release|Any CPU
		{046F81A8-8725-4F2A-967B-0D5A68DF0E42}.Debug|Any CPU.ActiveCfg = Debug|Any CPU
		{046F81A8-8725-4F2A-967B-0D5A68DF0E42}.Debug|Any CPU.Build.0 = Debug|Any CPU
		{046F81A8-8725-4F2A-967B-0D5A68DF0E42}.Release|Any CPU.ActiveCfg = Release|Any CPU
		{046F81A8-8725-4F2A-967B-0D5A68DF0E42}.Release|Any CPU.Build.0 = Release|Any CPU
		{25425EBF-18C2-4256-9B1D-76EF77E68D56}.Debug|Any CPU.ActiveCfg = Debug|Any CPU
		{25425EBF-18C2-4256-9B1D-76EF77E68D56}.Debug|Any CPU.Build.0 = Debug|Any CPU
		{25425EBF-18C2-4256-9B1D-76EF77E68D56}.Release|Any CPU.ActiveCfg = Release|Any CPU
		{25425EBF-18C2-4256-9B1D-76EF77E68D56}.Release|Any CPU.Build.0 = Release|Any CPU
	EndGlobalSection
	GlobalSection(SolutionProperties) = preSolution
		HideSolutionNode = FALSE
	EndGlobalSection
	GlobalSection(ExtensibilityGlobals) = postSolution
		SolutionGuid = {EC3E67C2-FFCE-48EA-A9E0-3533B5E8C37B}
	EndGlobalSection
EndGlobal
